
Microsoft Visual Studio Solution File, Format Version 12.00
# Visual Studio Version 17
VisualStudioVersion = 17.4.33103.184
MinimumVisualStudioVersion = 10.0.40219.1
Project("{FAE04EC0-301F-11D3-BF4B-00C04F79EFBC}") = "CS322-DZ10", "CS322-DZ10\CS322-DZ10.csproj", "{27476E08-AB89-4E7C-84D5-1CA5206BD2ED}"
EndProject
Global
	GlobalSection(SolutionConfigurationPlatforms) = preSolution
		Debug|Any CPU = Debug|Any CPU
		Release|Any CPU = Release|Any CPU
	EndGlobalSection
	GlobalSection(ProjectConfigurationPlatforms) = postSolution
		{27476E08-AB89-4E7C-84D5-1CA5206BD2ED}.Debug|Any CPU.ActiveCfg = Debug|Any CPU
		{27476E08-AB89-4E7C-84D5-1CA5206BD2ED}.Debug|Any CPU.Build.0 = Debug|Any CPU
		{27476E08-AB89-4E7C-84D5-1CA5206BD2ED}.Release|Any CPU.ActiveCfg = Release|Any CPU
		{27476E08-AB89-4E7C-84D5-1CA5206BD2ED}.Release|Any CPU.Build.0 = Release|Any CPU
	EndGlobalSection
	GlobalSection(SolutionProperties) = preSolution
		HideSolutionNode = FALSE
	EndGlobalSection
	GlobalSection(ExtensibilityGlobals) = postSolution
		SolutionGuid = {0223CC5A-6126-493D-BDD5-12ABB003A7F6}
	EndGlobalSection
EndGlobal
