
Microsoft Visual Studio Solution File, Format Version 12.00
# Visual Studio Version 17
VisualStudioVersion = 17.4.33103.184
MinimumVisualStudioVersion = 10.0.40219.1
Project("{FAE04EC0-301F-11D3-BF4B-00C04F79EFBC}") = "CS322-DZ11", "CS322-DZ11\CS322-DZ11.csproj", "{704DDCFD-68D3-46BD-8E8E-C3062F94D96B}"
EndProject
Global
	GlobalSection(SolutionConfigurationPlatforms) = preSolution
		Debug|Any CPU = Debug|Any CPU
		Release|Any CPU = Release|Any CPU
	EndGlobalSection
	GlobalSection(ProjectConfigurationPlatforms) = postSolution
		{704DDCFD-68D3-46BD-8E8E-C3062F94D96B}.Debug|Any CPU.ActiveCfg = Debug|Any CPU
		{704DDCFD-68D3-46BD-8E8E-C3062F94D96B}.Debug|Any CPU.Build.0 = Debug|Any CPU
		{704DDCFD-68D3-46BD-8E8E-C3062F94D96B}.Release|Any CPU.ActiveCfg = Release|Any CPU
		{704DDCFD-68D3-46BD-8E8E-C3062F94D96B}.Release|Any CPU.Build.0 = Release|Any CPU
	EndGlobalSection
	GlobalSection(SolutionProperties) = preSolution
		HideSolutionNode = FALSE
	EndGlobalSection
	GlobalSection(ExtensibilityGlobals) = postSolution
		SolutionGuid = {9714388F-BA4E-400F-B5CF-9B9C18A09A7E}
	EndGlobalSection
EndGlobal
