
Microsoft Visual Studio Solution File, Format Version 12.00
# Visual Studio Version 17
VisualStudioVersion = 17.4.33103.184
MinimumVisualStudioVersion = 10.0.40219.1
Project("{FAE04EC0-301F-11D3-BF4B-00C04F79EFBC}") = "CS322-DZ13", "CS322-DZ13\CS322-DZ13.csproj", "{73A62B76-3AF6-49BD-BE0F-4261F7B23E61}"
EndProject
Global
	GlobalSection(SolutionConfigurationPlatforms) = preSolution
		Debug|Any CPU = Debug|Any CPU
		Release|Any CPU = Release|Any CPU
	EndGlobalSection
	GlobalSection(ProjectConfigurationPlatforms) = postSolution
		{73A62B76-3AF6-49BD-BE0F-4261F7B23E61}.Debug|Any CPU.ActiveCfg = Debug|Any CPU
		{73A62B76-3AF6-49BD-BE0F-4261F7B23E61}.Debug|Any CPU.Build.0 = Debug|Any CPU
		{73A62B76-3AF6-49BD-BE0F-4261F7B23E61}.Release|Any CPU.ActiveCfg = Release|Any CPU
		{73A62B76-3AF6-49BD-BE0F-4261F7B23E61}.Release|Any CPU.Build.0 = Release|Any CPU
	EndGlobalSection
	GlobalSection(SolutionProperties) = preSolution
		HideSolutionNode = FALSE
	EndGlobalSection
	GlobalSection(ExtensibilityGlobals) = postSolution
		SolutionGuid = {76C3C308-E288-4B17-B478-6DE949822F7A}
	EndGlobalSection
EndGlobal
