
Microsoft Visual Studio Solution File, Format Version 12.00
# Visual Studio Version 17
VisualStudioVersion = 17.2.32516.85
MinimumVisualStudioVersion = 10.0.40219.1
Project("{8BC9CEB8-8B4A-11D0-8D11-00A0C91BC942}") = "Zadatak04", "Zadatak04\Zadatak04.vcxproj", "{100E6B15-C86F-47CF-B2E9-A96D2434C19D}"
EndProject
Project("{8BC9CEB8-8B4A-11D0-8D11-00A0C91BC942}") = "Zadatak19", "Zadatak19\Zadatak19.vcxproj", "{1C04B366-8FFF-43C7-AA95-329D8BD390EF}"
EndProject
Global
	GlobalSection(SolutionConfigurationPlatforms) = preSolution
		Debug|x64 = Debug|x64
		Debug|x86 = Debug|x86
		Release|x64 = Release|x64
		Release|x86 = Release|x86
	EndGlobalSection
	GlobalSection(ProjectConfigurationPlatforms) = postSolution
		{100E6B15-C86F-47CF-B2E9-A96D2434C19D}.Debug|x64.ActiveCfg = Debug|x64
		{100E6B15-C86F-47CF-B2E9-A96D2434C19D}.Debug|x64.Build.0 = Debug|x64
		{100E6B15-C86F-47CF-B2E9-A96D2434C19D}.Debug|x86.ActiveCfg = Debug|Win32
		{100E6B15-C86F-47CF-B2E9-A96D2434C19D}.Debug|x86.Build.0 = Debug|Win32
		{100E6B15-C86F-47CF-B2E9-A96D2434C19D}.Release|x64.ActiveCfg = Release|x64
		{100E6B15-C86F-47CF-B2E9-A96D2434C19D}.Release|x64.Build.0 = Release|x64
		{100E6B15-C86F-47CF-B2E9-A96D2434C19D}.Release|x86.ActiveCfg = Release|Win32
		{100E6B15-C86F-47CF-B2E9-A96D2434C19D}.Release|x86.Build.0 = Release|Win32
		{1C04B366-8FFF-43C7-AA95-329D8BD390EF}.Debug|x64.ActiveCfg = Debug|x64
		{1C04B366-8FFF-43C7-AA95-329D8BD390EF}.Debug|x64.Build.0 = Debug|x64
		{1C04B366-8FFF-43C7-AA95-329D8BD390EF}.Debug|x86.ActiveCfg = Debug|Win32
		{1C04B366-8FFF-43C7-AA95-329D8BD390EF}.Debug|x86.Build.0 = Debug|Win32
		{1C04B366-8FFF-43C7-AA95-329D8BD390EF}.Release|x64.ActiveCfg = Release|x64
		{1C04B366-8FFF-43C7-AA95-329D8BD390EF}.Release|x64.Build.0 = Release|x64
		{1C04B366-8FFF-43C7-AA95-329D8BD390EF}.Release|x86.ActiveCfg = Release|Win32
		{1C04B366-8FFF-43C7-AA95-329D8BD390EF}.Release|x86.Build.0 = Release|Win32
	EndGlobalSection
	GlobalSection(SolutionProperties) = preSolution
		HideSolutionNode = FALSE
	EndGlobalSection
	GlobalSection(ExtensibilityGlobals) = postSolution
		SolutionGuid = {BA9256DF-2B7B-4F42-935A-18E45CA1E8BC}
	EndGlobalSection
EndGlobal
