
Microsoft Visual Studio Solution File, Format Version 12.00
# Visual Studio Version 17
VisualStudioVersion = 17.4.33103.184
MinimumVisualStudioVersion = 10.0.40219.1
Project("{FAE04EC0-301F-11D3-BF4B-00C04F79EFBC}") = "CS322-DZ04", "CS322-DZ04\CS322-DZ04.csproj", "{24DD6A88-E813-4769-AD6C-C05D2D24ABAE}"
EndProject
Global
	GlobalSection(SolutionConfigurationPlatforms) = preSolution
		Debug|Any CPU = Debug|Any CPU
		Release|Any CPU = Release|Any CPU
	EndGlobalSection
	GlobalSection(ProjectConfigurationPlatforms) = postSolution
		{24DD6A88-E813-4769-AD6C-C05D2D24ABAE}.Debug|Any CPU.ActiveCfg = Debug|Any CPU
		{24DD6A88-E813-4769-AD6C-C05D2D24ABAE}.Debug|Any CPU.Build.0 = Debug|Any CPU
		{24DD6A88-E813-4769-AD6C-C05D2D24ABAE}.Release|Any CPU.ActiveCfg = Release|Any CPU
		{24DD6A88-E813-4769-AD6C-C05D2D24ABAE}.Release|Any CPU.Build.0 = Release|Any CPU
	EndGlobalSection
	GlobalSection(SolutionProperties) = preSolution
		HideSolutionNode = FALSE
	EndGlobalSection
	GlobalSection(ExtensibilityGlobals) = postSolution
		SolutionGuid = {E4FAB316-7BE8-46DD-8334-1209B8DC7300}
	EndGlobalSection
EndGlobal
